{
    "_meta": {
        "hash": {
            "sha256": "677df3220e73f7eada7502293c3a522e9d05c4bc5b7c45b9e0de35049bbe6bda"
        },
        "pipfile-spec": 6,
        "requires": {
            "python_version": "3.7"
        },
        "sources": [
            {
                "name": "pypi",
                "url": "https://pypi.org/simple",
                "verify_ssl": true
            }
        ]
    },
    "default": {
        "python-http-client": {
            "hashes": [
                "sha256:7e32589085e6fb60dabbe6f5b628a86eaa0bd9f51be865afabc61a7aa68af43e",
                "sha256:7e430f4b9dd2b621b0051f6a362f103447ea8e267594c602a5c502a0c694ee38"
            ],
            "version": "==3.1.0"
        },
        "sendgrid": {
            "hashes": [
                "sha256:97eb356ea44a18a03e6fe99f02b7942445be306a50f73a7dd35471fe15cc0094",
                "sha256:9e9d3d75602b8853f174ec959d1af1ac168cd361cbcafc81285fa8c183f7a505"
            ],
            "index": "pypi",
            "version": "==5.6.0"
        }
    },
    "develop": {}
}
